
Microsoft Visual Studio Solution File, Format Version 12.00
# Visual Studio 15
VisualStudioVersion = 15.0.28307.329
MinimumVisualStudioVersion = 10.0.40219.1
Project("{9A19103F-16F7-4668-BE54-9A1E7A4F7556}") = "sampleangularwebapp", "sampleangularwebapp\sampleangularwebapp.csproj", "{2E387C0F-1BA2-4F08-98F6-080F2F91A3B1}"
EndProject
Project("{9A19103F-16F7-4668-BE54-9A1E7A4F7556}") = "sampledata", "sampledata\sampledata.csproj", "{69C737A6-3E25-447D-88C3-AA077BBE83F5}"
EndProject
Project("{9A19103F-16F7-4668-BE54-9A1E7A4F7556}") = "sampledatatest", "sampledatatest\sampledatatest.csproj", "{5CE577AB-F0E1-407B-A154-65315B4F65D1}"
EndProject
Project("{FAE04EC0-301F-11D3-BF4B-00C04F79EFBC}") = "sampledatamodel", "sampledatamodel\sampledatamodel.csproj", "{A932F4C8-5FF1-4A12-B1FC-ED11E4F5E38D}"
EndProject
Global
	GlobalSection(SolutionConfigurationPlatforms) = preSolution
		Debug|Any CPU = Debug|Any CPU
		Release|Any CPU = Release|Any CPU
	EndGlobalSection
	GlobalSection(ProjectConfigurationPlatforms) = postSolution
		{2E387C0F-1BA2-4F08-98F6-080F2F91A3B1}.Debug|Any CPU.ActiveCfg = Debug|Any CPU
		{2E387C0F-1BA2-4F08-98F6-080F2F91A3B1}.Debug|Any CPU.Build.0 = Debug|Any CPU
		{2E387C0F-1BA2-4F08-98F6-080F2F91A3B1}.Release|Any CPU.ActiveCfg = Release|Any CPU
		{2E387C0F-1BA2-4F08-98F6-080F2F91A3B1}.Release|Any CPU.Build.0 = Release|Any CPU
		{69C737A6-3E25-447D-88C3-AA077BBE83F5}.Debug|Any CPU.ActiveCfg = Debug|Any CPU
		{69C737A6-3E25-447D-88C3-AA077BBE83F5}.Debug|Any CPU.Build.0 = Debug|Any CPU
		{69C737A6-3E25-447D-88C3-AA077BBE83F5}.Release|Any CPU.ActiveCfg = Release|Any CPU
		{69C737A6-3E25-447D-88C3-AA077BBE83F5}.Release|Any CPU.Build.0 = Release|Any CPU
		{5CE577AB-F0E1-407B-A154-65315B4F65D1}.Debug|Any CPU.ActiveCfg = Debug|Any CPU
		{5CE577AB-F0E1-407B-A154-65315B4F65D1}.Debug|Any CPU.Build.0 = Debug|Any CPU
		{5CE577AB-F0E1-407B-A154-65315B4F65D1}.Release|Any CPU.ActiveCfg = Release|Any CPU
		{5CE577AB-F0E1-407B-A154-65315B4F65D1}.Release|Any CPU.Build.0 = Release|Any CPU
		{A932F4C8-5FF1-4A12-B1FC-ED11E4F5E38D}.Debug|Any CPU.ActiveCfg = Debug|Any CPU
		{A932F4C8-5FF1-4A12-B1FC-ED11E4F5E38D}.Debug|Any CPU.Build.0 = Debug|Any CPU
		{A932F4C8-5FF1-4A12-B1FC-ED11E4F5E38D}.Release|Any CPU.ActiveCfg = Release|Any CPU
		{A932F4C8-5FF1-4A12-B1FC-ED11E4F5E38D}.Release|Any CPU.Build.0 = Release|Any CPU
	EndGlobalSection
	GlobalSection(SolutionProperties) = preSolution
		HideSolutionNode = FALSE
	EndGlobalSection
	GlobalSection(ExtensibilityGlobals) = postSolution
		SolutionGuid = {87ACAD60-C316-417B-B54A-38111D818A35}
	EndGlobalSection
EndGlobal
